// !$*UTF8*$!
{
	archiveVersion = 1;
	classes = {
	};
	objectVersion = 55;
	objects = {

/* Begin PBXBuildFile section */
		2467332A275A6C9900EED178 /* DZ01_1App.swift in Sources */ = {isa = PBXBuildFile; fileRef = 24673329275A6C9900EED178 /* DZ01_1App.swift */; };
		2467332C275A6C9900EED178 /* RootView.swift in Sources */ = {isa = PBXBuildFile; fileRef = 2467332B275A6C9900EED178 /* RootView.swift */; };
		2467332E275A6C9A00EED178 /* Assets.xcassets in Resources */ = {isa = PBXBuildFile; fileRef = 2467332D275A6C9A00EED178 /* Assets.xcassets */; };
		24673331275A6C9B00EED178 /* Preview Assets.xcassets in Resources */ = {isa = PBXBuildFile; fileRef = 24673330275A6C9B00EED178 /* Preview Assets.xcassets */; };
		2467333B275A6C9B00EED178 /* DZ01_1Tests.swift in Sources */ = {isa = PBXBuildFile; fileRef = 2467333A275A6C9B00EED178 /* DZ01_1Tests.swift */; };
		24673345275A6C9B00EED178 /* DZ01_1UITests.swift in Sources */ = {isa = PBXBuildFile; fileRef = 24673344275A6C9B00EED178 /* DZ01_1UITests.swift */; };
		24673347275A6C9B00EED178 /* DZ01_1UITestsLaunchTests.swift in Sources */ = {isa = PBXBuildFile; fileRef = 24673346275A6C9B00EED178 /* DZ01_1UITestsLaunchTests.swift */; };
/* End PBXBuildFile section */

/* Begin PBXContainerItemProxy section */
		24673337275A6C9B00EED178 /* PBXContainerItemProxy */ = {
			isa = PBXContainerItemProxy;
			containerPortal = 2467331E275A6C9800EED178 /* Project object */;
			proxyType = 1;
			remoteGlobalIDString = 24673325275A6C9900EED178;
			remoteInfo = "DZ01-1";
		};
		24673341275A6C9B00EED178 /* PBXContainerItemProxy */ = {
			isa = PBXContainerItemProxy;
			containerPortal = 2467331E275A6C9800EED178 /* Project object */;
			proxyType = 1;
			remoteGlobalIDString = 24673325275A6C9900EED178;
			remoteInfo = "DZ01-1";
		};
/* End PBXContainerItemProxy section */

/* Begin PBXFileReference section */
		24673326275A6C9900EED178 /* DZ01-1.app */ = {isa = PBXFileReference; explicitFileType = wrapper.application; includeInIndex = 0; path = "DZ01-1.app"; sourceTree = BUILT_PRODUCTS_DIR; };
		24673329275A6C9900EED178 /* DZ01_1App.swift */ = {isa = PBXFileReference; lastKnownFileType = sourcecode.swift; path = DZ01_1App.swift; sourceTree = "<group>"; };
		2467332B275A6C9900EED178 /* RootView.swift */ = {isa = PBXFileReference; lastKnownFileType = sourcecode.swift; path = RootView.swift; sourceTree = "<group>"; };
		2467332D275A6C9A00EED178 /* Assets.xcassets */ = {isa = PBXFileReference; lastKnownFileType = folder.assetcatalog; path = Assets.xcassets; sourceTree = "<group>"; };
		24673330275A6C9B00EED178 /* Preview Assets.xcassets */ = {isa = PBXFileReference; lastKnownFileType = folder.assetcatalog; path = "Preview Assets.xcassets"; sourceTree = "<group>"; };
		24673336275A6C9B00EED178 /* DZ01-1Tests.xctest */ = {isa = PBXFileReference; explicitFileType = wrapper.cfbundle; includeInIndex = 0; path = "DZ01-1Tests.xctest"; sourceTree = BUILT_PRODUCTS_DIR; };
		2467333A275A6C9B00EED178 /* DZ01_1Tests.swift */ = {isa = PBXFileReference; lastKnownFileType = sourcecode.swift; path = DZ01_1Tests.swift; sourceTree = "<group>"; };
		24673340275A6C9B00EED178 /* DZ01-1UITests.xctest */ = {isa = PBXFileReference; explicitFileType = wrapper.cfbundle; includeInIndex = 0; path = "DZ01-1UITests.xctest"; sourceTree = BUILT_PRODUCTS_DIR; };
		24673344275A6C9B00EED178 /* DZ01_1UITests.swift */ = {isa = PBXFileReference; lastKnownFileType = sourcecode.swift; path = DZ01_1UITests.swift; sourceTree = "<group>"; };
		24673346275A6C9B00EED178 /* DZ01_1UITestsLaunchTests.swift */ = {isa = PBXFileReference; lastKnownFileType = sourcecode.swift; path = DZ01_1UITestsLaunchTests.swift; sourceTree = "<group>"; };
/* End PBXFileReference section */

/* Begin PBXFrameworksBuildPhase section */
		24673323275A6C9900EED178 /* Frameworks */ = {
			isa = PBXFrameworksBuildPhase;
			buildActionMask = 2147483647;
			files = (
			);
			runOnlyForDeploymentPostprocessing = 0;
		};
		24673333275A6C9B00EED178 /* Frameworks */ = {
			isa = PBXFrameworksBuildPhase;
			buildActionMask = 2147483647;
			files = (
			);
			runOnlyForDeploymentPostprocessing = 0;
		};
		2467333D275A6C9B00EED178 /* Frameworks */ = {
			isa = PBXFrameworksBuildPhase;
			buildActionMask = 2147483647;
			files = (
			);
			runOnlyForDeploymentPostprocessing = 0;
		};
/* End PBXFrameworksBuildPhase section */

/* Begin PBXGroup section */
		2467331D275A6C9800EED178 = {
			isa = PBXGroup;
			children = (
				24673328275A6C9900EED178 /* DZ01-1 */,
				24673339275A6C9B00EED178 /* DZ01-1Tests */,
				24673343275A6C9B00EED178 /* DZ01-1UITests */,
				24673327275A6C9900EED178 /* Products */,
			);
			sourceTree = "<group>";
		};
		24673327275A6C9900EED178 /* Products */ = {
			isa = PBXGroup;
			children = (
				24673326275A6C9900EED178 /* DZ01-1.app */,
				24673336275A6C9B00EED178 /* DZ01-1Tests.xctest */,
				24673340275A6C9B00EED178 /* DZ01-1UITests.xctest */,
			);
			name = Products;
			sourceTree = "<group>";
		};
		24673328275A6C9900EED178 /* DZ01-1 */ = {
			isa = PBXGroup;
			children = (
				24673329275A6C9900EED178 /* DZ01_1App.swift */,
				2467332B275A6C9900EED178 /* RootView.swift */,
				2467332D275A6C9A00EED178 /* Assets.xcassets */,
				2467332F275A6C9B00EED178 /* Preview Content */,
			);
			path = "DZ01-1";
			sourceTree = "<group>";
		};
		2467332F275A6C9B00EED178 /* Preview Content */ = {
			isa = PBXGroup;
			children = (
				24673330275A6C9B00EED178 /* Preview Assets.xcassets */,
			);
			path = "Preview Content";
			sourceTree = "<group>";
		};
		24673339275A6C9B00EED178 /* DZ01-1Tests */ = {
			isa = PBXGroup;
			children = (
				2467333A275A6C9B00EED178 /* DZ01_1Tests.swift */,
			);
			path = "DZ01-1Tests";
			sourceTree = "<group>";
		};
		24673343275A6C9B00EED178 /* DZ01-1UITests */ = {
			isa = PBXGroup;
			children = (
				24673344275A6C9B00EED178 /* DZ01_1UITests.swift */,
				24673346275A6C9B00EED178 /* DZ01_1UITestsLaunchTests.swift */,
			);
			path = "DZ01-1UITests";
			sourceTree = "<group>";
		};
/* End PBXGroup section */

/* Begin PBXNativeTarget section */
		24673325275A6C9900EED178 /* DZ01-1 */ = {
			isa = PBXNativeTarget;
			buildConfigurationList = 2467334A275A6C9B00EED178 /* Build configuration list for PBXNativeTarget "DZ01-1" */;
			buildPhases = (
				24673322275A6C9900EED178 /* Sources */,
				24673323275A6C9900EED178 /* Frameworks */,
				24673324275A6C9900EED178 /* Resources */,
			);
			buildRules = (
			);
			dependencies = (
			);
			name = "DZ01-1";
			productName = "DZ01-1";
			productReference = 24673326275A6C9900EED178 /* DZ01-1.app */;
			productType = "com.apple.product-type.application";
		};
		24673335275A6C9B00EED178 /* DZ01-1Tests */ = {
			isa = PBXNativeTarget;
			buildConfigurationList = 2467334D275A6C9B00EED178 /* Build configuration list for PBXNativeTarget "DZ01-1Tests" */;
			buildPhases = (
				24673332275A6C9B00EED178 /* Sources */,
				24673333275A6C9B00EED178 /* Frameworks */,
				24673334275A6C9B00EED178 /* Resources */,
			);
			buildRules = (
			);
			dependencies = (
				24673338275A6C9B00EED178 /* PBXTargetDependency */,
			);
			name = "DZ01-1Tests";
			productName = "DZ01-1Tests";
			productReference = 24673336275A6C9B00EED178 /* DZ01-1Tests.xctest */;
			productType = "com.apple.product-type.bundle.unit-test";
		};
		2467333F275A6C9B00EED178 /* DZ01-1UITests */ = {
			isa = PBXNativeTarget;
			buildConfigurationList = 24673350275A6C9B00EED178 /* Build configuration list for PBXNativeTarget "DZ01-1UITests" */;
			buildPhases = (
				2467333C275A6C9B00EED178 /* Sources */,
				2467333D275A6C9B00EED178 /* Frameworks */,
				2467333E275A6C9B00EED178 /* Resources */,
			);
			buildRules = (
			);
			dependencies = (
				24673342275A6C9B00EED178 /* PBXTargetDependency */,
			);
			name = "DZ01-1UITests";
			productName = "DZ01-1UITests";
			productReference = 24673340275A6C9B00EED178 /* DZ01-1UITests.xctest */;
			productType = "com.apple.product-type.bundle.ui-testing";
		};
/* End PBXNativeTarget section */

/* Begin PBXProject section */
		2467331E275A6C9800EED178 /* Project object */ = {
			isa = PBXProject;
			attributes = {
				BuildIndependentTargetsInParallel = 1;
				LastSwiftUpdateCheck = 1310;
				LastUpgradeCheck = 1310;
				TargetAttributes = {
					24673325275A6C9900EED178 = {
						CreatedOnToolsVersion = 13.1;
					};
					24673335275A6C9B00EED178 = {
						CreatedOnToolsVersion = 13.1;
						TestTargetID = 24673325275A6C9900EED178;
					};
					2467333F275A6C9B00EED178 = {
						CreatedOnToolsVersion = 13.1;
						TestTargetID = 24673325275A6C9900EED178;
					};
				};
			};
			buildConfigurationList = 24673321275A6C9800EED178 /* Build configuration list for PBXProject "DZ01-1" */;
			compatibilityVersion = "Xcode 13.0";
			developmentRegion = en;
			hasScannedForEncodings = 0;
			knownRegions = (
				en,
				Base,
			);
			mainGroup = 2467331D275A6C9800EED178;
			productRefGroup = 24673327275A6C9900EED178 /* Products */;
			projectDirPath = "";
			projectRoot = "";
			targets = (
				24673325275A6C9900EED178 /* DZ01-1 */,
				24673335275A6C9B00EED178 /* DZ01-1Tests */,
				2467333F275A6C9B00EED178 /* DZ01-1UITests */,
			);
		};
/* End PBXProject section */

/* Begin PBXResourcesBuildPhase section */
		24673324275A6C9900EED178 /* Resources */ = {
			isa = PBXResourcesBuildPhase;
			buildActionMask = 2147483647;
			files = (
				24673331275A6C9B00EED178 /* Preview Assets.xcassets in Resources */,
				2467332E275A6C9A00EED178 /* Assets.xcassets in Resources */,
			);
			runOnlyForDeploymentPostprocessing = 0;
		};
		24673334275A6C9B00EED178 /* Resources */ = {
			isa = PBXResourcesBuildPhase;
			buildActionMask = 2147483647;
			files = (
			);
			runOnlyForDeploymentPostprocessing = 0;
		};
		2467333E275A6C9B00EED178 /* Resources */ = {
			isa = PBXResourcesBuildPhase;
			buildActionMask = 2147483647;
			files = (
			);
			runOnlyForDeploymentPostprocessing = 0;
		};
/* End PBXResourcesBuildPhase section */

/* Begin PBXSourcesBuildPhase section */
		24673322275A6C9900EED178 /* Sources */ = {
			isa = PBXSourcesBuildPhase;
			buildActionMask = 2147483647;
			files = (
				2467332C275A6C9900EED178 /* RootView.swift in Sources */,
				2467332A275A6C9900EED178 /* DZ01_1App.swift in Sources */,
			);
			runOnlyForDeploymentPostprocessing = 0;
		};
		24673332275A6C9B00EED178 /* Sources */ = {
			isa = PBXSourcesBuildPhase;
			buildActionMask = 2147483647;
			files = (
				2467333B275A6C9B00EED178 /* DZ01_1Tests.swift in Sources */,
			);
			runOnlyForDeploymentPostprocessing = 0;
		};
		2467333C275A6C9B00EED178 /* Sources */ = {
			isa = PBXSourcesBuildPhase;
			buildActionMask = 2147483647;
			files = (
				24673345275A6C9B00EED178 /* DZ01_1UITests.swift in Sources */,
				24673347275A6C9B00EED178 /* DZ01_1UITestsLaunchTests.swift in Sources */,
			);
			runOnlyForDeploymentPostprocessing = 0;
		};
/* End PBXSourcesBuildPhase section */

/* Begin PBXTargetDependency section */
		24673338275A6C9B00EED178 /* PBXTargetDependency */ = {
			isa = PBXTargetDependency;
			target = 24673325275A6C9900EED178 /* DZ01-1 */;
			targetProxy = 24673337275A6C9B00EED178 /* PBXContainerItemProxy */;
		};
		24673342275A6C9B00EED178 /* PBXTargetDependency */ = {
			isa = PBXTargetDependency;
			target = 24673325275A6C9900EED178 /* DZ01-1 */;
			targetProxy = 24673341275A6C9B00EED178 /* PBXContainerItemProxy */;
		};
/* End PBXTargetDependency section */

/* Begin XCBuildConfiguration section */
		24673348275A6C9B00EED178 /* Debug */ = {
			isa = XCBuildConfiguration;
			buildSettings = {
				ALWAYS_SEARCH_USER_PATHS = NO;
				CLANG_ANALYZER_NONNULL = YES;
				CLANG_ANALYZER_NUMBER_OBJECT_CONVERSION = YES_AGGRESSIVE;
				CLANG_CXX_LANGUAGE_STANDARD = "gnu++17";
				CLANG_CXX_LIBRARY = "libc++";
				CLANG_ENABLE_MODULES = YES;
				CLANG_ENABLE_OBJC_ARC = YES;
				CLANG_ENABLE_OBJC_WEAK = YES;
				CLANG_WARN_BLOCK_CAPTURE_AUTORELEASING = YES;
				CLANG_WARN_BOOL_CONVERSION = YES;
				CLANG_WARN_COMMA = YES;
				CLANG_WARN_CONSTANT_CONVERSION = YES;
				CLANG_WARN_DEPRECATED_OBJC_IMPLEMENTATIONS = YES;
				CLANG_WARN_DIRECT_OBJC_ISA_USAGE = YES_ERROR;
				CLANG_WARN_DOCUMENTATION_COMMENTS = YES;
				CLANG_WARN_EMPTY_BODY = YES;
				CLANG_WARN_ENUM_CONVERSION = YES;
				CLANG_WARN_INFINITE_RECURSION = YES;
				CLANG_WARN_INT_CONVERSION = YES;
				CLANG_WARN_NON_LITERAL_NULL_CONVERSION = YES;
				CLANG_WARN_OBJC_IMPLICIT_RETAIN_SELF = YES;
				CLANG_WARN_OBJC_LITERAL_CONVERSION = YES;
				CLANG_WARN_OBJC_ROOT_CLASS = YES_ERROR;
				CLANG_WARN_QUOTED_INCLUDE_IN_FRAMEWORK_HEADER = YES;
				CLANG_WARN_RANGE_LOOP_ANALYSIS = YES;
				CLANG_WARN_STRICT_PROTOTYPES = YES;
				CLANG_WARN_SUSPICIOUS_MOVE = YES;
				CLANG_WARN_UNGUARDED_AVAILABILITY = YES_AGGRESSIVE;
				CLANG_WARN_UNREACHABLE_CODE = YES;
				CLANG_WARN__DUPLICATE_METHOD_MATCH = YES;
				COPY_PHASE_STRIP = NO;
				DEBUG_INFORMATION_FORMAT = dwarf;
				ENABLE_STRICT_OBJC_MSGSEND = YES;
				ENABLE_TESTABILITY = YES;
				GCC_C_LANGUAGE_STANDARD = gnu11;
				GCC_DYNAMIC_NO_PIC = NO;
				GCC_NO_COMMON_BLOCKS = YES;
				GCC_OPTIMIZATION_LEVEL = 0;
				GCC_PREPROCESSOR_DEFINITIONS = (
					"DEBUG=1",
					"$(inherited)",
				);
				GCC_WARN_64_TO_32_BIT_CONVERSION = YES;
				GCC_WARN_ABOUT_RETURN_TYPE = YES_ERROR;
				GCC_WARN_UNDECLARED_SELECTOR = YES;
				GCC_WARN_UNINITIALIZED_AUTOS = YES_AGGRESSIVE;
				GCC_WARN_UNUSED_FUNCTION = YES;
				GCC_WARN_UNUSED_VARIABLE = YES;
				IPHONEOS_DEPLOYMENT_TARGET = 15.0;
				MTL_ENABLE_DEBUG_INFO = INCLUDE_SOURCE;
				MTL_FAST_MATH = YES;
				ONLY_ACTIVE_ARCH = YES;
				SDKROOT = iphoneos;
				SWIFT_ACTIVE_COMPILATION_CONDITIONS = DEBUG;
				SWIFT_OPTIMIZATION_LEVEL = "-Onone";
			};
			name = Debug;
		};
		24673349275A6C9B00EED178 /* Release */ = {
			isa = XCBuildConfiguration;
			buildSettings = {
				ALWAYS_SEARCH_USER_PATHS = NO;
				CLANG_ANALYZER_NONNULL = YES;
				CLANG_ANALYZER_NUMBER_OBJECT_CONVERSION = YES_AGGRESSIVE;
				CLANG_CXX_LANGUAGE_STANDARD = "gnu++17";
				CLANG_CXX_LIBRARY = "libc++";
				CLANG_ENABLE_MODULES = YES;
				CLANG_ENABLE_OBJC_ARC = YES;
				CLANG_ENABLE_OBJC_WEAK = YES;
				CLANG_WARN_BLOCK_CAPTURE_AUTORELEASING = YES;
				CLANG_WARN_BOOL_CONVERSION = YES;
				CLANG_WARN_COMMA = YES;
				CLANG_WARN_CONSTANT_CONVERSION = YES;
				CLANG_WARN_DEPRECATED_OBJC_IMPLEMENTATIONS = YES;
				CLANG_WARN_DIRECT_OBJC_ISA_USAGE = YES_ERROR;
				CLANG_WARN_DOCUMENTATION_COMMENTS = YES;
				CLANG_WARN_EMPTY_BODY = YES;
				CLANG_WARN_ENUM_CONVERSION = YES;
				CLANG_WARN_INFINITE_RECURSION = YES;
				CLANG_WARN_INT_CONVERSION = YES;
				CLANG_WARN_NON_LITERAL_NULL_CONVERSION = YES;
				CLANG_WARN_OBJC_IMPLICIT_RETAIN_SELF = YES;
				CLANG_WARN_OBJC_LITERAL_CONVERSION = YES;
				CLANG_WARN_OBJC_ROOT_CLASS = YES_ERROR;
				CLANG_WARN_QUOTED_INCLUDE_IN_FRAMEWORK_HEADER = YES;
				CLANG_WARN_RANGE_LOOP_ANALYSIS = YES;
				CLANG_WARN_STRICT_PROTOTYPES = YES;
				CLANG_WARN_SUSPICIOUS_MOVE = YES;
				CLANG_WARN_UNGUARDED_AVAILABILITY = YES_AGGRESSIVE;
				CLANG_WARN_UNREACHABLE_CODE = YES;
				CLANG_WARN__DUPLICATE_METHOD_MATCH = YES;
				COPY_PHASE_STRIP = NO;
				DEBUG_INFORMATION_FORMAT = "dwarf-with-dsym";
				ENABLE_NS_ASSERTIONS = NO;
				ENABLE_STRICT_OBJC_MSGSEND = YES;
				GCC_C_LANGUAGE_STANDARD = gnu11;
				GCC_NO_COMMON_BLOCKS = YES;
				GCC_WARN_64_TO_32_BIT_CONVERSION = YES;
				GCC_WARN_ABOUT_RETURN_TYPE = YES_ERROR;
				GCC_WARN_UNDECLARED_SELECTOR = YES;
				GCC_WARN_UNINITIALIZED_AUTOS = YES_AGGRESSIVE;
				GCC_WARN_UNUSED_FUNCTION = YES;
				GCC_WARN_UNUSED_VARIABLE = YES;
				IPHONEOS_DEPLOYMENT_TARGET = 15.0;
				MTL_ENABLE_DEBUG_INFO = NO;
				MTL_FAST_MATH = YES;
				SDKROOT = iphoneos;
				SWIFT_COMPILATION_MODE = wholemodule;
				SWIFT_OPTIMIZATION_LEVEL = "-O";
				VALIDATE_PRODUCT = YES;
			};
			name = Release;
		};
		2467334B275A6C9B00EED178 /* Debug */ = {
			isa = XCBuildConfiguration;
			buildSettings = {
				ASSETCATALOG_COMPILER_APPICON_NAME = AppIcon;
				ASSETCATALOG_COMPILER_GLOBAL_ACCENT_COLOR_NAME = AccentColor;
				CODE_SIGN_STYLE = Automatic;
				CURRENT_PROJECT_VERSION = 1;
				DEVELOPMENT_ASSET_PATHS = "\"DZ01-1/Preview Content\"";
				DEVELOPMENT_TEAM = VARH2532NS;
				ENABLE_PREVIEWS = YES;
				GENERATE_INFOPLIST_FILE = YES;
				INFOPLIST_KEY_UIApplicationSceneManifest_Generation = YES;
				INFOPLIST_KEY_UIApplicationSupportsIndirectInputEvents = YES;
				INFOPLIST_KEY_UILaunchScreen_Generation = YES;
				INFOPLIST_KEY_UISupportedInterfaceOrientations_iPad = "UIInterfaceOrientationPortrait UIInterfaceOrientationPortraitUpsideDown UIInterfaceOrientationLandscapeLeft UIInterfaceOrientationLandscapeRight";
				INFOPLIST_KEY_UISupportedInterfaceOrientations_iPhone = "UIInterfaceOrientationPortrait UIInterfaceOrientationLandscapeLeft UIInterfaceOrientationLandscapeRight";
				LD_RUNPATH_SEARCH_PATHS = (
					"$(inherited)",
					"@executable_path/Frameworks",
				);
				MARKETING_VERSION = 1.0;
				PRODUCT_BUNDLE_IDENTIFIER = "com.iagemobile.DZ01-1";
				PRODUCT_NAME = "$(TARGET_NAME)";
				SWIFT_EMIT_LOC_STRINGS = YES;
				SWIFT_VERSION = 5.0;
				TARGETED_DEVICE_FAMILY = "1,2";
			};
			name = Debug;
		};
		2467334C275A6C9B00EED178 /* Release */ = {
			isa = XCBuildConfiguration;
			buildSettings = {
				ASSETCATALOG_COMPILER_APPICON_NAME = AppIcon;
				ASSETCATALOG_COMPILER_GLOBAL_ACCENT_COLOR_NAME = AccentColor;
				CODE_SIGN_STYLE = Automatic;
				CURRENT_PROJECT_VERSION = 1;
				DEVELOPMENT_ASSET_PATHS = "\"DZ01-1/Preview Content\"";
				DEVELOPMENT_TEAM = VARH2532NS;
				ENABLE_PREVIEWS = YES;
				GENERATE_INFOPLIST_FILE = YES;
				INFOPLIST_KEY_UIApplicationSceneManifest_Generation = YES;
				INFOPLIST_KEY_UIApplicationSupportsIndirectInputEvents = YES;
				INFOPLIST_KEY_UILaunchScreen_Generation = YES;
				INFOPLIST_KEY_UISupportedInterfaceOrientations_iPad = "UIInterfaceOrientationPortrait UIInterfaceOrientationPortraitUpsideDown UIInterfaceOrientationLandscapeLeft UIInterfaceOrientationLandscapeRight";
				INFOPLIST_KEY_UISupportedInterfaceOrientations_iPhone = "UIInterfaceOrientationPortrait UIInterfaceOrientationLandscapeLeft UIInterfaceOrientationLandscapeRight";
				LD_RUNPATH_SEARCH_PATHS = (
					"$(inherited)",
					"@executable_path/Frameworks",
				);
				MARKETING_VERSION = 1.0;
				PRODUCT_BUNDLE_IDENTIFIER = "com.iagemobile.DZ01-1";
				PRODUCT_NAME = "$(TARGET_NAME)";
				SWIFT_EMIT_LOC_STRINGS = YES;
				SWIFT_VERSION = 5.0;
				TARGETED_DEVICE_FAMILY = "1,2";
			};
			name = Release;
		};
		2467334E275A6C9B00EED178 /* Debug */ = {
			isa = XCBuildConfiguration;
			buildSettings = {
				ALWAYS_EMBED_SWIFT_STANDARD_LIBRARIES = YES;
				BUNDLE_LOADER = "$(TEST_HOST)";
				CODE_SIGN_STYLE = Automatic;
				CURRENT_PROJECT_VERSION = 1;
				DEVELOPMENT_TEAM = VARH2532NS;
				GENERATE_INFOPLIST_FILE = YES;
				IPHONEOS_DEPLOYMENT_TARGET = 15.0;
				LD_RUNPATH_SEARCH_PATHS = (
					"$(inherited)",
					"@executable_path/Frameworks",
					"@loader_path/Frameworks",
				);
				MARKETING_VERSION = 1.0;
				PRODUCT_BUNDLE_IDENTIFIER = "com.iagemobile.DZ01-1Tests";
				PRODUCT_NAME = "$(TARGET_NAME)";
				SWIFT_EMIT_LOC_STRINGS = NO;
				SWIFT_VERSION = 5.0;
				TARGETED_DEVICE_FAMILY = "1,2";
				TEST_HOST = "$(BUILT_PRODUCTS_DIR)/DZ01-1.app/DZ01-1";
			};
			name = Debug;
		};
		2467334F275A6C9B00EED178 /* Release */ = {
			isa = XCBuildConfiguration;
			buildSettings = {
				ALWAYS_EMBED_SWIFT_STANDARD_LIBRARIES = YES;
				BUNDLE_LOADER = "$(TEST_HOST)";
				CODE_SIGN_STYLE = Automatic;
				CURRENT_PROJECT_VERSION = 1;
				DEVELOPMENT_TEAM = VARH2532NS;
				GENERATE_INFOPLIST_FILE = YES;
				IPHONEOS_DEPLOYMENT_TARGET = 15.0;
				LD_RUNPATH_SEARCH_PATHS = (
					"$(inherited)",
					"@executable_path/Frameworks",
					"@loader_path/Frameworks",
				);
				MARKETING_VERSION = 1.0;
				PRODUCT_BUNDLE_IDENTIFIER = "com.iagemobile.DZ01-1Tests";
				PRODUCT_NAME = "$(TARGET_NAME)";
				SWIFT_EMIT_LOC_STRINGS = NO;
				SWIFT_VERSION = 5.0;
				TARGETED_DEVICE_FAMILY = "1,2";
				TEST_HOST = "$(BUILT_PRODUCTS_DIR)/DZ01-1.app/DZ01-1";
			};
			name = Release;
		};
		24673351275A6C9B00EED178 /* Debug */ = {
			isa = XCBuildConfiguration;
			buildSettings = {
				ALWAYS_EMBED_SWIFT_STANDARD_LIBRARIES = YES;
				CODE_SIGN_STYLE = Automatic;
				CURRENT_PROJECT_VERSION = 1;
				DEVELOPMENT_TEAM = VARH2532NS;
				GENERATE_INFOPLIST_FILE = YES;
				LD_RUNPATH_SEARCH_PATHS = (
					"$(inherited)",
					"@executable_path/Frameworks",
					"@loader_path/Frameworks",
				);
				MARKETING_VERSION = 1.0;
				PRODUCT_BUNDLE_IDENTIFIER = "com.iagemobile.DZ01-1UITests";
				PRODUCT_NAME = "$(TARGET_NAME)";
				SWIFT_EMIT_LOC_STRINGS = NO;
				SWIFT_VERSION = 5.0;
				TARGETED_DEVICE_FAMILY = "1,2";
				TEST_TARGET_NAME = "DZ01-1";
			};
			name = Debug;
		};
		24673352275A6C9B00EED178 /* Release */ = {
			isa = XCBuildConfiguration;
			buildSettings = {
				ALWAYS_EMBED_SWIFT_STANDARD_LIBRARIES = YES;
				CODE_SIGN_STYLE = Automatic;
				CURRENT_PROJECT_VERSION = 1;
				DEVELOPMENT_TEAM = VARH2532NS;
				GENERATE_INFOPLIST_FILE = YES;
				LD_RUNPATH_SEARCH_PATHS = (
					"$(inherited)",
					"@executable_path/Frameworks",
					"@loader_path/Frameworks",
				);
				MARKETING_VERSION = 1.0;
				PRODUCT_BUNDLE_IDENTIFIER = "com.iagemobile.DZ01-1UITests";
				PRODUCT_NAME = "$(TARGET_NAME)";
				SWIFT_EMIT_LOC_STRINGS = NO;
				SWIFT_VERSION = 5.0;
				TARGETED_DEVICE_FAMILY = "1,2";
				TEST_TARGET_NAME = "DZ01-1";
			};
			name = Release;
		};
/* End XCBuildConfiguration section */

/* Begin XCConfigurationList section */
		24673321275A6C9800EED178 /* Build configuration list for PBXProject "DZ01-1" */ = {
			isa = XCConfigurationList;
			buildConfigurations = (
				24673348275A6C9B00EED178 /* Debug */,
				24673349275A6C9B00EED178 /* Release */,
			);
			defaultConfigurationIsVisible = 0;
			defaultConfigurationName = Release;
		};
		2467334A275A6C9B00EED178 /* Build configuration list for PBXNativeTarget "DZ01-1" */ = {
			isa = XCConfigurationList;
			buildConfigurations = (
				2467334B275A6C9B00EED178 /* Debug */,
				2467334C275A6C9B00EED178 /* Release */,
			);
			defaultConfigurationIsVisible = 0;
			defaultConfigurationName = Release;
		};
		2467334D275A6C9B00EED178 /* Build configuration list for PBXNativeTarget "DZ01-1Tests" */ = {
			isa = XCConfigurationList;
			buildConfigurations = (
				2467334E275A6C9B00EED178 /* Debug */,
				2467334F275A6C9B00EED178 /* Release */,
			);
			defaultConfigurationIsVisible = 0;
			defaultConfigurationName = Release;
		};
		24673350275A6C9B00EED178 /* Build configuration list for PBXNativeTarget "DZ01-1UITests" */ = {
			isa = XCConfigurationList;
			buildConfigurations = (
				24673351275A6C9B00EED178 /* Debug */,
				24673352275A6C9B00EED178 /* Release */,
			);
			defaultConfigurationIsVisible = 0;
			defaultConfigurationName = Release;
		};
/* End XCConfigurationList section */
	};
	rootObject = 2467331E275A6C9800EED178 /* Project object */;
}
